// !$*UTF8*$!
{
	archiveVersion = 1;
	classes = {
	};
	objectVersion = 46;
	objects = {

/* Begin PBXBuildFile section */
		CB4E17B74343612E6E329DD1 /* libPods.a in Frameworks */ = {isa = PBXBuildFile; fileRef = 7A2478AE39158B2CE8CF6AC2 /* libPods.a */; };
		DF0D9C751B0C252B00C0AB3F /* CompletePayViewController.m in Sources */ = {isa = PBXBuildFile; fileRef = DF0D9C741B0C252B00C0AB3F /* CompletePayViewController.m */; };
		DF0D9C781B0C291500C0AB3F /* Card.storyboard in Resources */ = {isa = PBXBuildFile; fileRef = DF0D9C771B0C291500C0AB3F /* Card.storyboard */; };
		DF0D9C7D1B0C2A7400C0AB3F /* HotFocusTableViewCell.m in Sources */ = {isa = PBXBuildFile; fileRef = DF0D9C7C1B0C2A7400C0AB3F /* HotFocusTableViewCell.m */; };
		DF0D9C821B0C2BAD00C0AB3F /* HotFocusViewController.m in Sources */ = {isa = PBXBuildFile; fileRef = DF0D9C811B0C2BAD00C0AB3F /* HotFocusViewController.m */; };
		DF0D9C851B0C423000C0AB3F /* CardTableViewCell.m in Sources */ = {isa = PBXBuildFile; fileRef = DF0D9C841B0C423000C0AB3F /* CardTableViewCell.m */; };
		DF4E4C581B0C448400FE499E /* CardTableViewController.m in Sources */ = {isa = PBXBuildFile; fileRef = DF4E4C571B0C448400FE499E /* CardTableViewController.m */; };
		DF4E4C611B0C59CD00FE499E /* ButtonTableViewCell.m in Sources */ = {isa = PBXBuildFile; fileRef = DF4E4C601B0C59CD00FE499E /* ButtonTableViewCell.m */; };
		DF4E4C641B0C61CA00FE499E /* PayViewController.m in Sources */ = {isa = PBXBuildFile; fileRef = DF4E4C631B0C61CA00FE499E /* PayViewController.m */; };
		DF4E4C6A1B0C87D500FE499E /* BecomeMemberViewController.m in Sources */ = {isa = PBXBuildFile; fileRef = DF4E4C691B0C87D500FE499E /* BecomeMemberViewController.m */; };
		DF4E4C6D1B0C8A4400FE499E /* CouponsTableViewController.m in Sources */ = {isa = PBXBuildFile; fileRef = DF4E4C6C1B0C8A4400FE499E /* CouponsTableViewController.m */; };
		DF4E4C6F1B0C8D6400FE499E /* Me.storyboard in Resources */ = {isa = PBXBuildFile; fileRef = DF4E4C6E1B0C8D6400FE499E /* Me.storyboard */; };
		DF610B6D1B2E6AA7009E047A /* CardAndCouponsViewController.m in Sources */ = {isa = PBXBuildFile; fileRef = DF610B6C1B2E6AA7009E047A /* CardAndCouponsViewController.m */; };
		DF70F24E1B267FF400FAE24F /* MainViewController.m in Sources */ = {isa = PBXBuildFile; fileRef = DF70F24D1B267FF400FAE24F /* MainViewController.m */; };
		DF70F2521B26AC5100FAE24F /* UITableView+Wave.m in Sources */ = {isa = PBXBuildFile; fileRef = DF70F2511B26AC5100FAE24F /* UITableView+Wave.m */; };
		DF70F2581B26B91100FAE24F /* MODropAlertView.m in Sources */ = {isa = PBXBuildFile; fileRef = DF70F2551B26B91100FAE24F /* MODropAlertView.m */; };
		DF70F2591B26B91100FAE24F /* UIImage+ImageEffects.m in Sources */ = {isa = PBXBuildFile; fileRef = DF70F2571B26B91100FAE24F /* UIImage+ImageEffects.m */; };
		DF7176FF1B2FFF9300D3C3B9 /* BasicInfoTableViewController.m in Sources */ = {isa = PBXBuildFile; fileRef = DF7176FE1B2FFF9300D3C3B9 /* BasicInfoTableViewController.m */; };
		DF7177341B300F2A00D3C3B9 /* OrderListTableViewController.m in Sources */ = {isa = PBXBuildFile; fileRef = DF7177331B300F2A00D3C3B9 /* OrderListTableViewController.m */; };
		DF7177391B30109500D3C3B9 /* OrderListTableViewCell.m in Sources */ = {isa = PBXBuildFile; fileRef = DF7177381B30109500D3C3B9 /* OrderListTableViewCell.m */; };
		DF71773C1B30167900D3C3B9 /* SettingTableViewController.m in Sources */ = {isa = PBXBuildFile; fileRef = DF71773B1B30167900D3C3B9 /* SettingTableViewController.m */; };
		DF71773F1B30180700D3C3B9 /* HelpCenterTableViewController.m in Sources */ = {isa = PBXBuildFile; fileRef = DF71773E1B30180700D3C3B9 /* HelpCenterTableViewController.m */; };
		DF72C0BC1B0B339800CE6DC6 /* main.m in Sources */ = {isa = PBXBuildFile; fileRef = DF72C0BB1B0B339800CE6DC6 /* main.m */; };
		DF72C0BF1B0B339800CE6DC6 /* AppDelegate.m in Sources */ = {isa = PBXBuildFile; fileRef = DF72C0BE1B0B339800CE6DC6 /* AppDelegate.m */; };
		DF72C0C21B0B339800CE6DC6 /* ViewController.m in Sources */ = {isa = PBXBuildFile; fileRef = DF72C0C11B0B339800CE6DC6 /* ViewController.m */; };
		DF72C0C51B0B339800CE6DC6 /* Main.storyboard in Resources */ = {isa = PBXBuildFile; fileRef = DF72C0C31B0B339800CE6DC6 /* Main.storyboard */; };
		DF72C0C71B0B339800CE6DC6 /* Images.xcassets in Resources */ = {isa = PBXBuildFile; fileRef = DF72C0C61B0B339800CE6DC6 /* Images.xcassets */; };
		DF72C0CA1B0B339800CE6DC6 /* LaunchScreen.xib in Resources */ = {isa = PBXBuildFile; fileRef = DF72C0C81B0B339800CE6DC6 /* LaunchScreen.xib */; };
		DF72C0D61B0B339800CE6DC6 /* shrbTests.m in Sources */ = {isa = PBXBuildFile; fileRef = DF72C0D51B0B339800CE6DC6 /* shrbTests.m */; };
		DF72C0E21B0B403600CE6DC6 /* HotDetailViewController.m in Sources */ = {isa = PBXBuildFile; fileRef = DF72C0E11B0B403600CE6DC6 /* HotDetailViewController.m */; };
		DF72C0E61B0B413100CE6DC6 /* HotDetailTableViewCell.m in Sources */ = {isa = PBXBuildFile; fileRef = DF72C0E51B0B413100CE6DC6 /* HotDetailTableViewCell.m */; };
		DF77A5B81B0C151F00934A7C /* StoreTableViewCell.m in Sources */ = {isa = PBXBuildFile; fileRef = DF77A5B71B0C151F00934A7C /* StoreTableViewCell.m */; };
		DF77A5BB1B0C155D00934A7C /* StoreViewController.m in Sources */ = {isa = PBXBuildFile; fileRef = DF77A5BA1B0C155D00934A7C /* StoreViewController.m */; };
		DF77A5BE1B0C1C6500934A7C /* OrdersViewController.m in Sources */ = {isa = PBXBuildFile; fileRef = DF77A5BD1B0C1C6500934A7C /* OrdersViewController.m */; };
		DF77A5C11B0C1C9E00934A7C /* OrdersTableViewCell.m in Sources */ = {isa = PBXBuildFile; fileRef = DF77A5C01B0C1C9E00934A7C /* OrdersTableViewCell.m */; };
		DF7A8A591B3CE90600528864 /* ProductTableViewController.m in Sources */ = {isa = PBXBuildFile; fileRef = DF7A8A581B3CE90600528864 /* ProductTableViewController.m */; };
		DF7A8A5C1B3CE97700528864 /* ProductTableViewCell.m in Sources */ = {isa = PBXBuildFile; fileRef = DF7A8A5B1B3CE97700528864 /* ProductTableViewCell.m */; };
		DF7A8A5F1B3CE9DC00528864 /* ProductModel.m in Sources */ = {isa = PBXBuildFile; fileRef = DF7A8A5E1B3CE9DC00528864 /* ProductModel.m */; };
		DF7D1E561B0D755500CD05B3 /* TransactMemberViewController.m in Sources */ = {isa = PBXBuildFile; fileRef = DF7D1E551B0D755500CD05B3 /* TransactMemberViewController.m */; };
		DF7D1E591B0D792400CD05B3 /* ProductDescriptionView.m in Sources */ = {isa = PBXBuildFile; fileRef = DF7D1E581B0D792400CD05B3 /* ProductDescriptionView.m */; };
		DF7D1E601B0DC08700CD05B3 /* CardDetailViewController.m in Sources */ = {isa = PBXBuildFile; fileRef = DF7D1E5F1B0DC08700CD05B3 /* CardDetailViewController.m */; };
		DF7D1E631B0DC9C600CD05B3 /* ExpenseTableViewCell.m in Sources */ = {isa = PBXBuildFile; fileRef = DF7D1E621B0DC9C600CD05B3 /* ExpenseTableViewCell.m */; };
		DF7D1E661B0DD50500CD05B3 /* CompleteVoucherViewController.m in Sources */ = {isa = PBXBuildFile; fileRef = DF7D1E651B0DD50500CD05B3 /* CompleteVoucherViewController.m */; };
		DF9119A41B392BA100833AAB /* OrderListViewController.swift in Sources */ = {isa = PBXBuildFile; fileRef = DF9119A31B392BA100833AAB /* OrderListViewController.swift */; };
		DF9119A71B392BC500833AAB /* OrderListTableViewCell.swift in Sources */ = {isa = PBXBuildFile; fileRef = DF9119A51B392BC500833AAB /* OrderListTableViewCell.swift */; };
		DF9119A81B392BC500833AAB /* OrderListTableViewCell.xib in Resources */ = {isa = PBXBuildFile; fileRef = DF9119A61B392BC500833AAB /* OrderListTableViewCell.xib */; };
		DF9119AD1B39486D00833AAB /* BasicInfoTableViewController.swift in Sources */ = {isa = PBXBuildFile; fileRef = DF9119AC1B39486D00833AAB /* BasicInfoTableViewController.swift */; };
		DF9119B01B394A3B00833AAB /* MeImageTableViewCell.swift in Sources */ = {isa = PBXBuildFile; fileRef = DF9119AE1B394A3B00833AAB /* MeImageTableViewCell.swift */; };
		DF9119B11B394A3B00833AAB /* MeImageTableViewCell.xib in Resources */ = {isa = PBXBuildFile; fileRef = DF9119AF1B394A3B00833AAB /* MeImageTableViewCell.xib */; };
		DF9119B41B394E2000833AAB /* RightDetailTableViewCell.swift in Sources */ = {isa = PBXBuildFile; fileRef = DF9119B21B394E2000833AAB /* RightDetailTableViewCell.swift */; };
		DF9119B51B394E2000833AAB /* RightDetailTableViewCell.xib in Resources */ = {isa = PBXBuildFile; fileRef = DF9119B31B394E2000833AAB /* RightDetailTableViewCell.xib */; };
		DF958F5E1B33B13F005B2155 /* HotFocusModel.m in Sources */ = {isa = PBXBuildFile; fileRef = DF958F5D1B33B13F005B2155 /* HotFocusModel.m */; };
		DF958F611B33B83C005B2155 /* TradeModel.m in Sources */ = {isa = PBXBuildFile; fileRef = DF958F601B33B83C005B2155 /* TradeModel.m */; };
		DF958F641B33C11B005B2155 /* CardModel.m in Sources */ = {isa = PBXBuildFile; fileRef = DF958F631B33C11B005B2155 /* CardModel.m */; };
		DF958F671B33DA67005B2155 /* CouponsModel.m in Sources */ = {isa = PBXBuildFile; fileRef = DF958F661B33DA67005B2155 /* CouponsModel.m */; };
		DFAD61F81B26DF9E002437BD /* HJCAdjustNumButton.bundle in Resources */ = {isa = PBXBuildFile; fileRef = DFAD61F51B26DF9E002437BD /* HJCAdjustNumButton.bundle */; };
		DFAD61F91B26DF9E002437BD /* HJCAjustNumButton.m in Sources */ = {isa = PBXBuildFile; fileRef = DFAD61F71B26DF9E002437BD /* HJCAjustNumButton.m */; };
		DFAE52AE1B32743500B03B2F /* QRItem.m in Sources */ = {isa = PBXBuildFile; fileRef = DFAE52A91B32743500B03B2F /* QRItem.m */; };
		DFAE52AF1B32743500B03B2F /* QRMenu.m in Sources */ = {isa = PBXBuildFile; fileRef = DFAE52AB1B32743500B03B2F /* QRMenu.m */; };
		DFAE52B01B32743500B03B2F /* QRView.m in Sources */ = {isa = PBXBuildFile; fileRef = DFAE52AD1B32743500B03B2F /* QRView.m */; };
		DFAE52B31B32751900B03B2F /* QRViewController.m in Sources */ = {isa = PBXBuildFile; fileRef = DFAE52B21B32751900B03B2F /* QRViewController.m */; };
		DFAE95581B253588006A495B /* CouponsDetailTableViewController.m in Sources */ = {isa = PBXBuildFile; fileRef = DFAE95571B253588006A495B /* CouponsDetailTableViewController.m */; };
		DFAE955B1B253848006A495B /* CouponsTableViewCell.m in Sources */ = {isa = PBXBuildFile; fileRef = DFAE955A1B253848006A495B /* CouponsTableViewCell.m */; };
		DFAE955E1B25407F006A495B /* GiveCouponsViewController.m in Sources */ = {isa = PBXBuildFile; fileRef = DFAE955D1B25407F006A495B /* GiveCouponsViewController.m */; };
		DFAE95611B25434F006A495B /* CouponsDetailTableViewCell.m in Sources */ = {isa = PBXBuildFile; fileRef = DFAE95601B25434F006A495B /* CouponsDetailTableViewCell.m */; };
		DFAE95651B254FB7006A495B /* UserCenterObjevtiveTableViewController.m in Sources */ = {isa = PBXBuildFile; fileRef = DFAE95641B254FB7006A495B /* UserCenterObjevtiveTableViewController.m */; };
		DFB1E82A1B3A3ED800366200 /* UserCenterTableViewController.swift in Sources */ = {isa = PBXBuildFile; fileRef = DFB1E8291B3A3ED800366200 /* UserCenterTableViewController.swift */; };
		DFB1E8341B3A4C8700366200 /* MeImageAndLabelsTableViewCell.swift in Sources */ = {isa = PBXBuildFile; fileRef = DFB1E8321B3A4C8700366200 /* MeImageAndLabelsTableViewCell.swift */; };
		DFB1E8351B3A4C8700366200 /* MeImageAndLabelsTableViewCell.xib in Resources */ = {isa = PBXBuildFile; fileRef = DFB1E8331B3A4C8700366200 /* MeImageAndLabelsTableViewCell.xib */; };
		DFB1E8371B3A58ED00366200 /* CollectTableViewController.swift in Sources */ = {isa = PBXBuildFile; fileRef = DFB1E8361B3A58ED00366200 /* CollectTableViewController.swift */; };
		DFB7631F1B3D36330086ABB7 /* ProductIsMemberTableViewController.m in Sources */ = {isa = PBXBuildFile; fileRef = DFB7631E1B3D36330086ABB7 /* ProductIsMemberTableViewController.m */; };
		DFC39BC51B294ECE006B50F4 /* LazyFadeInView.m in Sources */ = {isa = PBXBuildFile; fileRef = DFC39BC21B294ECE006B50F4 /* LazyFadeInView.m */; };
		DFC39BC61B294ECE006B50F4 /* LazyFadeInLayer.m in Sources */ = {isa = PBXBuildFile; fileRef = DFC39BC41B294ECE006B50F4 /* LazyFadeInLayer.m */; };
		DFCDF9481B3BD73600F70955 /* DOPScrollableActionSheet.m in Sources */ = {isa = PBXBuildFile; fileRef = DFCDF9471B3BD73600F70955 /* DOPScrollableActionSheet.m */; };
		DFCDF94B1B3BDE9000F70955 /* NewStoreViewController.m in Sources */ = {isa = PBXBuildFile; fileRef = DFCDF94A1B3BDE9000F70955 /* NewStoreViewController.m */; };
		DFF330E21B2EC57500007582 /* SVProgressShow.m in Sources */ = {isa = PBXBuildFile; fileRef = DFF330E11B2EC57500007582 /* SVProgressShow.m */; };
		DFF330E51B2ECC1300007582 /* VoucherCenterViewController.m in Sources */ = {isa = PBXBuildFile; fileRef = DFF330E41B2ECC1300007582 /* VoucherCenterViewController.m */; };
/* End PBXBuildFile section */

/* Begin PBXContainerItemProxy section */
		DF72C0D01B0B339800CE6DC6 /* PBXContainerItemProxy */ = {
			isa = PBXContainerItemProxy;
			containerPortal = DF72C0AE1B0B339800CE6DC6 /* Project object */;
			proxyType = 1;
			remoteGlobalIDString = DF72C0B51B0B339800CE6DC6;
			remoteInfo = shrb;
		};
/* End PBXContainerItemProxy section */

/* Begin PBXFileReference section */
		160D202A243322510827A627 /* Pods.release.xcconfig */ = {isa = PBXFileReference; includeInIndex = 1; lastKnownFileType = text.xcconfig; name = Pods.release.xcconfig; path = "Pods/Target Support Files/Pods/Pods.release.xcconfig"; sourceTree = "<group>"; };
		3F1E2F6D22EAA5B3C3141B98 /* Pods.debug.xcconfig */ = {isa = PBXFileReference; includeInIndex = 1; lastKnownFileType = text.xcconfig; name = Pods.debug.xcconfig; path = "Pods/Target Support Files/Pods/Pods.debug.xcconfig"; sourceTree = "<group>"; };
		7A2478AE39158B2CE8CF6AC2 /* libPods.a */ = {isa = PBXFileReference; explicitFileType = archive.ar; includeInIndex = 0; path = libPods.a; sourceTree = BUILT_PRODUCTS_DIR; };
		DF0D9C731B0C252B00C0AB3F /* CompletePayViewController.h */ = {isa = PBXFileReference; fileEncoding = 4; lastKnownFileType = sourcecode.c.h; path = CompletePayViewController.h; sourceTree = "<group>"; };
		DF0D9C741B0C252B00C0AB3F /* CompletePayViewController.m */ = {isa = PBXFileReference; fileEncoding = 4; lastKnownFileType = sourcecode.c.objc; path = CompletePayViewController.m; sourceTree = "<group>"; };
		DF0D9C771B0C291500C0AB3F /* Card.storyboard */ = {isa = PBXFileReference; fileEncoding = 4; lastKnownFileType = file.storyboard; path = Card.storyboard; sourceTree = "<group>"; };
		DF0D9C7B1B0C2A7400C0AB3F /* HotFocusTableViewCell.h */ = {isa = PBXFileReference; fileEncoding = 4; lastKnownFileType = sourcecode.c.h; name = HotFocusTableViewCell.h; path = ../Views/HotFocusTableViewCell.h; sourceTree = "<group>"; };
		DF0D9C7C1B0C2A7400C0AB3F /* HotFocusTableViewCell.m */ = {isa = PBXFileReference; fileEncoding = 4; lastKnownFileType = sourcecode.c.objc; name = HotFocusTableViewCell.m; path = ../Views/HotFocusTableViewCell.m; sourceTree = "<group>"; };
		DF0D9C801B0C2BAD00C0AB3F /* HotFocusViewController.h */ = {isa = PBXFileReference; fileEncoding = 4; lastKnownFileType = sourcecode.c.h; path = HotFocusViewController.h; sourceTree = "<group>"; };
		DF0D9C811B0C2BAD00C0AB3F /* HotFocusViewController.m */ = {isa = PBXFileReference; fileEncoding = 4; lastKnownFileType = sourcecode.c.objc; path = HotFocusViewController.m; sourceTree = "<group>"; };
		DF0D9C831B0C423000C0AB3F /* CardTableViewCell.h */ = {isa = PBXFileReference; fileEncoding = 4; lastKnownFileType = sourcecode.c.h; name = CardTableViewCell.h; path = ../Views/CardTableViewCell.h; sourceTree = "<group>"; };
		DF0D9C841B0C423000C0AB3F /* CardTableViewCell.m */ = {isa = PBXFileReference; fileEncoding = 4; lastKnownFileType = sourcecode.c.objc; name = CardTableViewCell.m; path = ../Views/CardTableViewCell.m; sourceTree = "<group>"; };
		DF4E4C561B0C448400FE499E /* CardTableViewController.h */ = {isa = PBXFileReference; fileEncoding = 4; lastKnownFileType = sourcecode.c.h; path = CardTableViewController.h; sourceTree = "<group>"; };
		DF4E4C571B0C448400FE499E /* CardTableViewController.m */ = {isa = PBXFileReference; fileEncoding = 4; lastKnownFileType = sourcecode.c.objc; path = CardTableViewController.m; sourceTree = "<group>"; };
		DF4E4C5F1B0C59CD00FE499E /* ButtonTableViewCell.h */ = {isa = PBXFileReference; fileEncoding = 4; lastKnownFileType = sourcecode.c.h; name = ButtonTableViewCell.h; path = ../Views/ButtonTableViewCell.h; sourceTree = "<group>"; };
		DF4E4C601B0C59CD00FE499E /* ButtonTableViewCell.m */ = {isa = PBXFileReference; fileEncoding = 4; lastKnownFileType = sourcecode.c.objc; name = ButtonTableViewCell.m; path = ../Views/ButtonTableViewCell.m; sourceTree = "<group>"; };
		DF4E4C621B0C61CA00FE499E /* PayViewController.h */ = {isa = PBXFileReference; fileEncoding = 4; lastKnownFileType = sourcecode.c.h; path = PayViewController.h; sourceTree = "<group>"; };
		DF4E4C631B0C61CA00FE499E /* PayViewController.m */ = {isa = PBXFileReference; fileEncoding = 4; lastKnownFileType = sourcecode.c.objc; path = PayViewController.m; sourceTree = "<group>"; };
		DF4E4C681B0C87D500FE499E /* BecomeMemberViewController.h */ = {isa = PBXFileReference; fileEncoding = 4; lastKnownFileType = sourcecode.c.h; path = BecomeMemberViewController.h; sourceTree = "<group>"; };
		DF4E4C691B0C87D500FE499E /* BecomeMemberViewController.m */ = {isa = PBXFileReference; fileEncoding = 4; lastKnownFileType = sourcecode.c.objc; path = BecomeMemberViewController.m; sourceTree = "<group>"; };
		DF4E4C6B1B0C8A4400FE499E /* CouponsTableViewController.h */ = {isa = PBXFileReference; fileEncoding = 4; lastKnownFileType = sourcecode.c.h; name = CouponsTableViewController.h; path = ../Views/CouponsTableViewController.h; sourceTree = "<group>"; };
		DF4E4C6C1B0C8A4400FE499E /* CouponsTableViewController.m */ = {isa = PBXFileReference; fileEncoding = 4; lastKnownFileType = sourcecode.c.objc; name = CouponsTableViewController.m; path = ../Views/CouponsTableViewController.m; sourceTree = "<group>"; };
		DF4E4C6E1B0C8D6400FE499E /* Me.storyboard */ = {isa = PBXFileReference; fileEncoding = 4; lastKnownFileType = file.storyboard; path = Me.storyboard; sourceTree = "<group>"; };
		DF610B6B1B2E6AA7009E047A /* CardAndCouponsViewController.h */ = {isa = PBXFileReference; fileEncoding = 4; lastKnownFileType = sourcecode.c.h; path = CardAndCouponsViewController.h; sourceTree = "<group>"; };
		DF610B6C1B2E6AA7009E047A /* CardAndCouponsViewController.m */ = {isa = PBXFileReference; fileEncoding = 4; lastKnownFileType = sourcecode.c.objc; path = CardAndCouponsViewController.m; sourceTree = "<group>"; };
		DF70F24C1B267FF400FAE24F /* MainViewController.h */ = {isa = PBXFileReference; fileEncoding = 4; lastKnownFileType = sourcecode.c.h; path = MainViewController.h; sourceTree = "<group>"; };
		DF70F24D1B267FF400FAE24F /* MainViewController.m */ = {isa = PBXFileReference; fileEncoding = 4; lastKnownFileType = sourcecode.c.objc; path = MainViewController.m; sourceTree = "<group>"; };
		DF70F2501B26AC5100FAE24F /* UITableView+Wave.h */ = {isa = PBXFileReference; fileEncoding = 4; lastKnownFileType = sourcecode.c.h; path = "UITableView+Wave.h"; sourceTree = "<group>"; };
		DF70F2511B26AC5100FAE24F /* UITableView+Wave.m */ = {isa = PBXFileReference; fileEncoding = 4; lastKnownFileType = sourcecode.c.objc; path = "UITableView+Wave.m"; sourceTree = "<group>"; };
		DF70F2541B26B91100FAE24F /* MODropAlertView.h */ = {isa = PBXFileReference; fileEncoding = 4; lastKnownFileType = sourcecode.c.h; path = MODropAlertView.h; sourceTree = "<group>"; };
		DF70F2551B26B91100FAE24F /* MODropAlertView.m */ = {isa = PBXFileReference; fileEncoding = 4; lastKnownFileType = sourcecode.c.objc; path = MODropAlertView.m; sourceTree = "<group>"; };
		DF70F2561B26B91100FAE24F /* UIImage+ImageEffects.h */ = {isa = PBXFileReference; fileEncoding = 4; lastKnownFileType = sourcecode.c.h; path = "UIImage+ImageEffects.h"; sourceTree = "<group>"; };
		DF70F2571B26B91100FAE24F /* UIImage+ImageEffects.m */ = {isa = PBXFileReference; fileEncoding = 4; lastKnownFileType = sourcecode.c.objc; path = "UIImage+ImageEffects.m"; sourceTree = "<group>"; };
		DF7176FD1B2FFF9300D3C3B9 /* BasicInfoTableViewController.h */ = {isa = PBXFileReference; fileEncoding = 4; lastKnownFileType = sourcecode.c.h; path = BasicInfoTableViewController.h; sourceTree = "<group>"; };
		DF7176FE1B2FFF9300D3C3B9 /* BasicInfoTableViewController.m */ = {isa = PBXFileReference; fileEncoding = 4; lastKnownFileType = sourcecode.c.objc; path = BasicInfoTableViewController.m; sourceTree = "<group>"; };
		DF7177321B300F2A00D3C3B9 /* OrderListTableViewController.h */ = {isa = PBXFileReference; fileEncoding = 4; lastKnownFileType = sourcecode.c.h; path = OrderListTableViewController.h; sourceTree = "<group>"; };
		DF7177331B300F2A00D3C3B9 /* OrderListTableViewController.m */ = {isa = PBXFileReference; fileEncoding = 4; lastKnownFileType = sourcecode.c.objc; path = OrderListTableViewController.m; sourceTree = "<group>"; };
		DF7177371B30109500D3C3B9 /* OrderListTableViewCell.h */ = {isa = PBXFileReference; fileEncoding = 4; lastKnownFileType = sourcecode.c.h; name = OrderListTableViewCell.h; path = ../Views/OrderListTableViewCell.h; sourceTree = "<group>"; };
		DF7177381B30109500D3C3B9 /* OrderListTableViewCell.m */ = {isa = PBXFileReference; fileEncoding = 4; lastKnownFileType = sourcecode.c.objc; name = OrderListTableViewCell.m; path = ../Views/OrderListTableViewCell.m; sourceTree = "<group>"; };
		DF71773A1B30167900D3C3B9 /* SettingTableViewController.h */ = {isa = PBXFileReference; fileEncoding = 4; lastKnownFileType = sourcecode.c.h; path = SettingTableViewController.h; sourceTree = "<group>"; };
		DF71773B1B30167900D3C3B9 /* SettingTableViewController.m */ = {isa = PBXFileReference; fileEncoding = 4; lastKnownFileType = sourcecode.c.objc; path = SettingTableViewController.m; sourceTree = "<group>"; };
		DF71773D1B30180700D3C3B9 /* HelpCenterTableViewController.h */ = {isa = PBXFileReference; fileEncoding = 4; lastKnownFileType = sourcecode.c.h; path = HelpCenterTableViewController.h; sourceTree = "<group>"; };
		DF71773E1B30180700D3C3B9 /* HelpCenterTableViewController.m */ = {isa = PBXFileReference; fileEncoding = 4; lastKnownFileType = sourcecode.c.objc; path = HelpCenterTableViewController.m; sourceTree = "<group>"; };
		DF72C0B61B0B339800CE6DC6 /* shrb.app */ = {isa = PBXFileReference; explicitFileType = wrapper.application; includeInIndex = 0; path = shrb.app; sourceTree = BUILT_PRODUCTS_DIR; };
		DF72C0BA1B0B339800CE6DC6 /* Info.plist */ = {isa = PBXFileReference; lastKnownFileType = text.plist.xml; path = Info.plist; sourceTree = "<group>"; };
		DF72C0BB1B0B339800CE6DC6 /* main.m */ = {isa = PBXFileReference; lastKnownFileType = sourcecode.c.objc; path = main.m; sourceTree = "<group>"; };
		DF72C0BD1B0B339800CE6DC6 /* AppDelegate.h */ = {isa = PBXFileReference; lastKnownFileType = sourcecode.c.h; path = AppDelegate.h; sourceTree = "<group>"; };
		DF72C0BE1B0B339800CE6DC6 /* AppDelegate.m */ = {isa = PBXFileReference; lastKnownFileType = sourcecode.c.objc; path = AppDelegate.m; sourceTree = "<group>"; };
		DF72C0C01B0B339800CE6DC6 /* ViewController.h */ = {isa = PBXFileReference; lastKnownFileType = sourcecode.c.h; path = ViewController.h; sourceTree = "<group>"; };
		DF72C0C11B0B339800CE6DC6 /* ViewController.m */ = {isa = PBXFileReference; lastKnownFileType = sourcecode.c.objc; path = ViewController.m; sourceTree = "<group>"; };
		DF72C0C41B0B339800CE6DC6 /* Base */ = {isa = PBXFileReference; lastKnownFileType = file.storyboard; name = Base; path = Base.lproj/Main.storyboard; sourceTree = "<group>"; };
		DF72C0C61B0B339800CE6DC6 /* Images.xcassets */ = {isa = PBXFileReference; lastKnownFileType = folder.assetcatalog; path = Images.xcassets; sourceTree = "<group>"; };
		DF72C0C91B0B339800CE6DC6 /* Base */ = {isa = PBXFileReference; lastKnownFileType = file.xib; name = Base; path = Base.lproj/LaunchScreen.xib; sourceTree = "<group>"; };
		DF72C0CF1B0B339800CE6DC6 /* shrbTests.xctest */ = {isa = PBXFileReference; explicitFileType = wrapper.cfbundle; includeInIndex = 0; path = shrbTests.xctest; sourceTree = BUILT_PRODUCTS_DIR; };
		DF72C0D41B0B339800CE6DC6 /* Info.plist */ = {isa = PBXFileReference; lastKnownFileType = text.plist.xml; path = Info.plist; sourceTree = "<group>"; };
		DF72C0D51B0B339800CE6DC6 /* shrbTests.m */ = {isa = PBXFileReference; lastKnownFileType = sourcecode.c.objc; path = shrbTests.m; sourceTree = "<group>"; };
		DF72C0E01B0B403600CE6DC6 /* HotDetailViewController.h */ = {isa = PBXFileReference; fileEncoding = 4; lastKnownFileType = sourcecode.c.h; path = HotDetailViewController.h; sourceTree = "<group>"; };
		DF72C0E11B0B403600CE6DC6 /* HotDetailViewController.m */ = {isa = PBXFileReference; fileEncoding = 4; lastKnownFileType = sourcecode.c.objc; path = HotDetailViewController.m; sourceTree = "<group>"; };
		DF72C0E41B0B413100CE6DC6 /* HotDetailTableViewCell.h */ = {isa = PBXFileReference; fileEncoding = 4; lastKnownFileType = sourcecode.c.h; name = HotDetailTableViewCell.h; path = ../Views/HotDetailTableViewCell.h; sourceTree = "<group>"; };
		DF72C0E51B0B413100CE6DC6 /* HotDetailTableViewCell.m */ = {isa = PBXFileReference; fileEncoding = 4; lastKnownFileType = sourcecode.c.objc; name = HotDetailTableViewCell.m; path = ../Views/HotDetailTableViewCell.m; sourceTree = "<group>"; };
		DF77A5B61B0C151F00934A7C /* StoreTableViewCell.h */ = {isa = PBXFileReference; fileEncoding = 4; lastKnownFileType = sourcecode.c.h; name = StoreTableViewCell.h; path = ../Views/StoreTableViewCell.h; sourceTree = "<group>"; };
		DF77A5B71B0C151F00934A7C /* StoreTableViewCell.m */ = {isa = PBXFileReference; fileEncoding = 4; lastKnownFileType = sourcecode.c.objc; name = StoreTableViewCell.m; path = ../Views/StoreTableViewCell.m; sourceTree = "<group>"; };
		DF77A5B91B0C155D00934A7C /* StoreViewController.h */ = {isa = PBXFileReference; fileEncoding = 4; lastKnownFileType = sourcecode.c.h; path = StoreViewController.h; sourceTree = "<group>"; };
		DF77A5BA1B0C155D00934A7C /* StoreViewController.m */ = {isa = PBXFileReference; fileEncoding = 4; lastKnownFileType = sourcecode.c.objc; path = StoreViewController.m; sourceTree = "<group>"; };
		DF77A5BC1B0C1C6500934A7C /* OrdersViewController.h */ = {isa = PBXFileReference; fileEncoding = 4; lastKnownFileType = sourcecode.c.h; path = OrdersViewController.h; sourceTree = "<group>"; };
		DF77A5BD1B0C1C6500934A7C /* OrdersViewController.m */ = {isa = PBXFileReference; fileEncoding = 4; lastKnownFileType = sourcecode.c.objc; path = OrdersViewController.m; sourceTree = "<group>"; };
		DF77A5BF1B0C1C9E00934A7C /* OrdersTableViewCell.h */ = {isa = PBXFileReference; fileEncoding = 4; lastKnownFileType = sourcecode.c.h; name = OrdersTableViewCell.h; path = ../Views/OrdersTableViewCell.h; sourceTree = "<group>"; };
		DF77A5C01B0C1C9E00934A7C /* OrdersTableViewCell.m */ = {isa = PBXFileReference; fileEncoding = 4; lastKnownFileType = sourcecode.c.objc; name = OrdersTableViewCell.m; path = ../Views/OrdersTableViewCell.m; sourceTree = "<group>"; };
		DF7A8A571B3CE90600528864 /* ProductTableViewController.h */ = {isa = PBXFileReference; fileEncoding = 4; lastKnownFileType = sourcecode.c.h; path = ProductTableViewController.h; sourceTree = "<group>"; };
		DF7A8A581B3CE90600528864 /* ProductTableViewController.m */ = {isa = PBXFileReference; fileEncoding = 4; lastKnownFileType = sourcecode.c.objc; path = ProductTableViewController.m; sourceTree = "<group>"; };
		DF7A8A5A1B3CE97700528864 /* ProductTableViewCell.h */ = {isa = PBXFileReference; fileEncoding = 4; lastKnownFileType = sourcecode.c.h; path = ProductTableViewCell.h; sourceTree = "<group>"; };
		DF7A8A5B1B3CE97700528864 /* ProductTableViewCell.m */ = {isa = PBXFileReference; fileEncoding = 4; lastKnownFileType = sourcecode.c.objc; path = ProductTableViewCell.m; sourceTree = "<group>"; };
		DF7A8A5D1B3CE9DC00528864 /* ProductModel.h */ = {isa = PBXFileReference; fileEncoding = 4; lastKnownFileType = sourcecode.c.h; path = ProductModel.h; sourceTree = "<group>"; };
		DF7A8A5E1B3CE9DC00528864 /* ProductModel.m */ = {isa = PBXFileReference; fileEncoding = 4; lastKnownFileType = sourcecode.c.objc; path = ProductModel.m; sourceTree = "<group>"; };
		DF7D1E541B0D755500CD05B3 /* TransactMemberViewController.h */ = {isa = PBXFileReference; fileEncoding = 4; lastKnownFileType = sourcecode.c.h; path = TransactMemberViewController.h; sourceTree = "<group>"; };
		DF7D1E551B0D755500CD05B3 /* TransactMemberViewController.m */ = {isa = PBXFileReference; fileEncoding = 4; lastKnownFileType = sourcecode.c.objc; path = TransactMemberViewController.m; sourceTree = "<group>"; };
		DF7D1E571B0D792400CD05B3 /* ProductDescriptionView.h */ = {isa = PBXFileReference; fileEncoding = 4; lastKnownFileType = sourcecode.c.h; name = ProductDescriptionView.h; path = ../Views/ProductDescriptionView.h; sourceTree = "<group>"; };
		DF7D1E581B0D792400CD05B3 /* ProductDescriptionView.m */ = {isa = PBXFileReference; fileEncoding = 4; lastKnownFileType = sourcecode.c.objc; name = ProductDescriptionView.m; path = ../Views/ProductDescriptionView.m; sourceTree = "<group>"; };
		DF7D1E5A1B0D7AFE00CD05B3 /* Const.h */ = {isa = PBXFileReference; lastKnownFileType = sourcecode.c.h; path = Const.h; sourceTree = "<group>"; };
		DF7D1E5E1B0DC08700CD05B3 /* CardDetailViewController.h */ = {isa = PBXFileReference; fileEncoding = 4; lastKnownFileType = sourcecode.c.h; path = CardDetailViewController.h; sourceTree = "<group>"; };
		DF7D1E5F1B0DC08700CD05B3 /* CardDetailViewController.m */ = {isa = PBXFileReference; fileEncoding = 4; lastKnownFileType = sourcecode.c.objc; path = CardDetailViewController.m; sourceTree = "<group>"; };
		DF7D1E611B0DC9C600CD05B3 /* ExpenseTableViewCell.h */ = {isa = PBXFileReference; fileEncoding = 4; lastKnownFileType = sourcecode.c.h; name = ExpenseTableViewCell.h; path = ../Views/ExpenseTableViewCell.h; sourceTree = "<group>"; };
		DF7D1E621B0DC9C600CD05B3 /* ExpenseTableViewCell.m */ = {isa = PBXFileReference; fileEncoding = 4; lastKnownFileType = sourcecode.c.objc; name = ExpenseTableViewCell.m; path = ../Views/ExpenseTableViewCell.m; sourceTree = "<group>"; };
		DF7D1E641B0DD50500CD05B3 /* CompleteVoucherViewController.h */ = {isa = PBXFileReference; fileEncoding = 4; lastKnownFileType = sourcecode.c.h; path = CompleteVoucherViewController.h; sourceTree = "<group>"; };
		DF7D1E651B0DD50500CD05B3 /* CompleteVoucherViewController.m */ = {isa = PBXFileReference; fileEncoding = 4; lastKnownFileType = sourcecode.c.objc; path = CompleteVoucherViewController.m; sourceTree = "<group>"; };
		DF9119A31B392BA100833AAB /* OrderListViewController.swift */ = {isa = PBXFileReference; fileEncoding = 4; lastKnownFileType = sourcecode.swift; path = OrderListViewController.swift; sourceTree = "<group>"; };
		DF9119A51B392BC500833AAB /* OrderListTableViewCell.swift */ = {isa = PBXFileReference; fileEncoding = 4; lastKnownFileType = sourcecode.swift; path = OrderListTableViewCell.swift; sourceTree = "<group>"; };
		DF9119A61B392BC500833AAB /* OrderListTableViewCell.xib */ = {isa = PBXFileReference; fileEncoding = 4; lastKnownFileType = file.xib; path = OrderListTableViewCell.xib; sourceTree = "<group>"; };
		DF9119AA1B3935D400833AAB /* shrb-Bridging-Header.h */ = {isa = PBXFileReference; fileEncoding = 4; lastKnownFileType = sourcecode.c.h; path = "shrb-Bridging-Header.h"; sourceTree = "<group>"; };
		DF9119AC1B39486D00833AAB /* BasicInfoTableViewController.swift */ = {isa = PBXFileReference; fileEncoding = 4; lastKnownFileType = sourcecode.swift; path = BasicInfoTableViewController.swift; sourceTree = "<group>"; };
		DF9119AE1B394A3B00833AAB /* MeImageTableViewCell.swift */ = {isa = PBXFileReference; fileEncoding = 4; lastKnownFileType = sourcecode.swift; path = MeImageTableViewCell.swift; sourceTree = "<group>"; };
		DF9119AF1B394A3B00833AAB /* MeImageTableViewCell.xib */ = {isa = PBXFileReference; fileEncoding = 4; lastKnownFileType = file.xib; path = MeImageTableViewCell.xib; sourceTree = "<group>"; };
		DF9119B21B394E2000833AAB /* RightDetailTableViewCell.swift */ = {isa = PBXFileReference; fileEncoding = 4; lastKnownFileType = sourcecode.swift; path = RightDetailTableViewCell.swift; sourceTree = "<group>"; };
		DF9119B31B394E2000833AAB /* RightDetailTableViewCell.xib */ = {isa = PBXFileReference; fileEncoding = 4; lastKnownFileType = file.xib; path = RightDetailTableViewCell.xib; sourceTree = "<group>"; };
		DF958F5C1B33B13F005B2155 /* HotFocusModel.h */ = {isa = PBXFileReference; fileEncoding = 4; lastKnownFileType = sourcecode.c.h; path = HotFocusModel.h; sourceTree = "<group>"; };
		DF958F5D1B33B13F005B2155 /* HotFocusModel.m */ = {isa = PBXFileReference; fileEncoding = 4; lastKnownFileType = sourcecode.c.objc; path = HotFocusModel.m; sourceTree = "<group>"; };
		DF958F5F1B33B83C005B2155 /* TradeModel.h */ = {isa = PBXFileReference; fileEncoding = 4; lastKnownFileType = sourcecode.c.h; path = TradeModel.h; sourceTree = "<group>"; };
		DF958F601B33B83C005B2155 /* TradeModel.m */ = {isa = PBXFileReference; fileEncoding = 4; lastKnownFileType = sourcecode.c.objc; path = TradeModel.m; sourceTree = "<group>"; };
		DF958F621B33C11B005B2155 /* CardModel.h */ = {isa = PBXFileReference; fileEncoding = 4; lastKnownFileType = sourcecode.c.h; path = CardModel.h; sourceTree = "<group>"; };
		DF958F631B33C11B005B2155 /* CardModel.m */ = {isa = PBXFileReference; fileEncoding = 4; lastKnownFileType = sourcecode.c.objc; path = CardModel.m; sourceTree = "<group>"; };
		DF958F651B33DA67005B2155 /* CouponsModel.h */ = {isa = PBXFileReference; fileEncoding = 4; lastKnownFileType = sourcecode.c.h; path = CouponsModel.h; sourceTree = "<group>"; };
		DF958F661B33DA67005B2155 /* CouponsModel.m */ = {isa = PBXFileReference; fileEncoding = 4; lastKnownFileType = sourcecode.c.objc; path = CouponsModel.m; sourceTree = "<group>"; };
		DFAD61F51B26DF9E002437BD /* HJCAdjustNumButton.bundle */ = {isa = PBXFileReference; lastKnownFileType = "wrapper.plug-in"; path = HJCAdjustNumButton.bundle; sourceTree = "<group>"; };
		DFAD61F61B26DF9E002437BD /* HJCAjustNumButton.h */ = {isa = PBXFileReference; fileEncoding = 4; lastKnownFileType = sourcecode.c.h; path = HJCAjustNumButton.h; sourceTree = "<group>"; };
		DFAD61F71B26DF9E002437BD /* HJCAjustNumButton.m */ = {isa = PBXFileReference; fileEncoding = 4; lastKnownFileType = sourcecode.c.objc; path = HJCAjustNumButton.m; sourceTree = "<group>"; };
		DFAE52A81B32743500B03B2F /* QRItem.h */ = {isa = PBXFileReference; fileEncoding = 4; lastKnownFileType = sourcecode.c.h; path = QRItem.h; sourceTree = "<group>"; };
		DFAE52A91B32743500B03B2F /* QRItem.m */ = {isa = PBXFileReference; fileEncoding = 4; lastKnownFileType = sourcecode.c.objc; path = QRItem.m; sourceTree = "<group>"; };
		DFAE52AA1B32743500B03B2F /* QRMenu.h */ = {isa = PBXFileReference; fileEncoding = 4; lastKnownFileType = sourcecode.c.h; path = QRMenu.h; sourceTree = "<group>"; };
		DFAE52AB1B32743500B03B2F /* QRMenu.m */ = {isa = PBXFileReference; fileEncoding = 4; lastKnownFileType = sourcecode.c.objc; path = QRMenu.m; sourceTree = "<group>"; };
		DFAE52AC1B32743500B03B2F /* QRView.h */ = {isa = PBXFileReference; fileEncoding = 4; lastKnownFileType = sourcecode.c.h; path = QRView.h; sourceTree = "<group>"; };
		DFAE52AD1B32743500B03B2F /* QRView.m */ = {isa = PBXFileReference; fileEncoding = 4; lastKnownFileType = sourcecode.c.objc; path = QRView.m; sourceTree = "<group>"; };
		DFAE52B11B32751900B03B2F /* QRViewController.h */ = {isa = PBXFileReference; fileEncoding = 4; lastKnownFileType = sourcecode.c.h; path = QRViewController.h; sourceTree = "<group>"; };
		DFAE52B21B32751900B03B2F /* QRViewController.m */ = {isa = PBXFileReference; fileEncoding = 4; lastKnownFileType = sourcecode.c.objc; path = QRViewController.m; sourceTree = "<group>"; };
		DFAE95561B253588006A495B /* CouponsDetailTableViewController.h */ = {isa = PBXFileReference; fileEncoding = 4; lastKnownFileType = sourcecode.c.h; path = CouponsDetailTableViewController.h; sourceTree = "<group>"; };
		DFAE95571B253588006A495B /* CouponsDetailTableViewController.m */ = {isa = PBXFileReference; fileEncoding = 4; lastKnownFileType = sourcecode.c.objc; path = CouponsDetailTableViewController.m; sourceTree = "<group>"; };
		DFAE95591B253848006A495B /* CouponsTableViewCell.h */ = {isa = PBXFileReference; fileEncoding = 4; lastKnownFileType = sourcecode.c.h; name = CouponsTableViewCell.h; path = ../Views/CouponsTableViewCell.h; sourceTree = "<group>"; };
		DFAE955A1B253848006A495B /* CouponsTableViewCell.m */ = {isa = PBXFileReference; fileEncoding = 4; lastKnownFileType = sourcecode.c.objc; name = CouponsTableViewCell.m; path = ../Views/CouponsTableViewCell.m; sourceTree = "<group>"; };
		DFAE955C1B25407F006A495B /* GiveCouponsViewController.h */ = {isa = PBXFileReference; fileEncoding = 4; lastKnownFileType = sourcecode.c.h; path = GiveCouponsViewController.h; sourceTree = "<group>"; };
		DFAE955D1B25407F006A495B /* GiveCouponsViewController.m */ = {isa = PBXFileReference; fileEncoding = 4; lastKnownFileType = sourcecode.c.objc; path = GiveCouponsViewController.m; sourceTree = "<group>"; };
		DFAE955F1B25434F006A495B /* CouponsDetailTableViewCell.h */ = {isa = PBXFileReference; fileEncoding = 4; lastKnownFileType = sourcecode.c.h; name = CouponsDetailTableViewCell.h; path = ../Views/CouponsDetailTableViewCell.h; sourceTree = "<group>"; };
		DFAE95601B25434F006A495B /* CouponsDetailTableViewCell.m */ = {isa = PBXFileReference; fileEncoding = 4; lastKnownFileType = sourcecode.c.objc; name = CouponsDetailTableViewCell.m; path = ../Views/CouponsDetailTableViewCell.m; sourceTree = "<group>"; };
		DFAE95631B254FB7006A495B /* UserCenterObjevtiveTableViewController.h */ = {isa = PBXFileReference; fileEncoding = 4; lastKnownFileType = sourcecode.c.h; path = UserCenterObjevtiveTableViewController.h; sourceTree = "<group>"; };
		DFAE95641B254FB7006A495B /* UserCenterObjevtiveTableViewController.m */ = {isa = PBXFileReference; fileEncoding = 4; lastKnownFileType = sourcecode.c.objc; path = UserCenterObjevtiveTableViewController.m; sourceTree = "<group>"; };
		DFB1E8291B3A3ED800366200 /* UserCenterTableViewController.swift */ = {isa = PBXFileReference; fileEncoding = 4; lastKnownFileType = sourcecode.swift; path = UserCenterTableViewController.swift; sourceTree = "<group>"; };
		DFB1E8321B3A4C8700366200 /* MeImageAndLabelsTableViewCell.swift */ = {isa = PBXFileReference; fileEncoding = 4; lastKnownFileType = sourcecode.swift; path = MeImageAndLabelsTableViewCell.swift; sourceTree = "<group>"; };
		DFB1E8331B3A4C8700366200 /* MeImageAndLabelsTableViewCell.xib */ = {isa = PBXFileReference; fileEncoding = 4; lastKnownFileType = file.xib; path = MeImageAndLabelsTableViewCell.xib; sourceTree = "<group>"; };
		DFB1E8361B3A58ED00366200 /* CollectTableViewController.swift */ = {isa = PBXFileReference; fileEncoding = 4; lastKnownFileType = sourcecode.swift; path = CollectTableViewController.swift; sourceTree = "<group>"; };
		DFB7631D1B3D36330086ABB7 /* ProductIsMemberTableViewController.h */ = {isa = PBXFileReference; fileEncoding = 4; lastKnownFileType = sourcecode.c.h; path = ProductIsMemberTableViewController.h; sourceTree = "<group>"; };
		DFB7631E1B3D36330086ABB7 /* ProductIsMemberTableViewController.m */ = {isa = PBXFileReference; fileEncoding = 4; lastKnownFileType = sourcecode.c.objc; path = ProductIsMemberTableViewController.m; sourceTree = "<group>"; };
		DFC39BC01B294ECE006B50F4 /* LazyFadeIn.h */ = {isa = PBXFileReference; fileEncoding = 4; lastKnownFileType = sourcecode.c.h; path = LazyFadeIn.h; sourceTree = "<group>"; };
		DFC39BC11B294ECE006B50F4 /* LazyFadeInView.h */ = {isa = PBXFileReference; fileEncoding = 4; lastKnownFileType = sourcecode.c.h; path = LazyFadeInView.h; sourceTree = "<group>"; };
		DFC39BC21B294ECE006B50F4 /* LazyFadeInView.m */ = {isa = PBXFileReference; fileEncoding = 4; lastKnownFileType = sourcecode.c.objc; path = LazyFadeInView.m; sourceTree = "<group>"; };
		DFC39BC31B294ECE006B50F4 /* LazyFadeInLayer.h */ = {isa = PBXFileReference; fileEncoding = 4; lastKnownFileType = sourcecode.c.h; path = LazyFadeInLayer.h; sourceTree = "<group>"; };
		DFC39BC41B294ECE006B50F4 /* LazyFadeInLayer.m */ = {isa = PBXFileReference; fileEncoding = 4; lastKnownFileType = sourcecode.c.objc; path = LazyFadeInLayer.m; sourceTree = "<group>"; };
		DFCDF9461B3BD73600F70955 /* DOPScrollableActionSheet.h */ = {isa = PBXFileReference; fileEncoding = 4; lastKnownFileType = sourcecode.c.h; path = DOPScrollableActionSheet.h; sourceTree = "<group>"; };
		DFCDF9471B3BD73600F70955 /* DOPScrollableActionSheet.m */ = {isa = PBXFileReference; fileEncoding = 4; lastKnownFileType = sourcecode.c.objc; path = DOPScrollableActionSheet.m; sourceTree = "<group>"; };
		DFCDF9491B3BDE9000F70955 /* NewStoreViewController.h */ = {isa = PBXFileReference; fileEncoding = 4; lastKnownFileType = sourcecode.c.h; path = NewStoreViewController.h; sourceTree = "<group>"; };
		DFCDF94A1B3BDE9000F70955 /* NewStoreViewController.m */ = {isa = PBXFileReference; fileEncoding = 4; lastKnownFileType = sourcecode.c.objc; path = NewStoreViewController.m; sourceTree = "<group>"; };
		DFF330E01B2EC57500007582 /* SVProgressShow.h */ = {isa = PBXFileReference; fileEncoding = 4; lastKnownFileType = sourcecode.c.h; path = SVProgressShow.h; sourceTree = "<group>"; };
		DFF330E11B2EC57500007582 /* SVProgressShow.m */ = {isa = PBXFileReference; fileEncoding = 4; lastKnownFileType = sourcecode.c.objc; path = SVProgressShow.m; sourceTree = "<group>"; };
		DFF330E31B2ECC1300007582 /* VoucherCenterViewController.h */ = {isa = PBXFileReference; fileEncoding = 4; lastKnownFileType = sourcecode.c.h; path = VoucherCenterViewController.h; sourceTree = "<group>"; };
		DFF330E41B2ECC1300007582 /* VoucherCenterViewController.m */ = {isa = PBXFileReference; fileEncoding = 4; lastKnownFileType = sourcecode.c.objc; path = VoucherCenterViewController.m; sourceTree = "<group>"; };
/* End PBXFileReference section */

/* Begin PBXFrameworksBuildPhase section */
		DF72C0B31B0B339800CE6DC6 /* Frameworks */ = {
			isa = PBXFrameworksBuildPhase;
			buildActionMask = 2147483647;
			files = (
				CB4E17B74343612E6E329DD1 /* libPods.a in Frameworks */,
			);
			runOnlyForDeploymentPostprocessing = 0;
		};
		DF72C0CC1B0B339800CE6DC6 /* Frameworks */ = {
			isa = PBXFrameworksBuildPhase;
			buildActionMask = 2147483647;
			files = (
			);
			runOnlyForDeploymentPostprocessing = 0;
		};
/* End PBXFrameworksBuildPhase section */

/* Begin PBXGroup section */
		049351D6E54B1048FAE09EA8 /* Pods */ = {
			isa = PBXGroup;
			children = (
				3F1E2F6D22EAA5B3C3141B98 /* Pods.debug.xcconfig */,
				160D202A243322510827A627 /* Pods.release.xcconfig */,
			);
			name = Pods;
			sourceTree = "<group>";
		};
		B636A6DA215A51FBEBFBA07C /* Frameworks */ = {
			isa = PBXGroup;
			children = (
				7A2478AE39158B2CE8CF6AC2 /* libPods.a */,
			);
			name = Frameworks;
			sourceTree = "<group>";
		};
		DF0D9C761B0C28CF00C0AB3F /* Storyboard */ = {
			isa = PBXGroup;
			children = (
				DF72C0C81B0B339800CE6DC6 /* LaunchScreen.xib */,
				DF72C0C31B0B339800CE6DC6 /* Main.storyboard */,
				DF0D9C771B0C291500C0AB3F /* Card.storyboard */,
				DF4E4C6E1B0C8D6400FE499E /* Me.storyboard */,
			);
			name = Storyboard;
			sourceTree = "<group>";
		};
		DF0D9C7E1B0C2B6C00C0AB3F /* main */ = {
			isa = PBXGroup;
			children = (
				DF958F521B33AC85005B2155 /* control */,
				DF958F531B33AC93005B2155 /* model */,
				DF958F541B33AC9A005B2155 /* view */,
			);
			name = main;
			sourceTree = "<group>";
		};
		DF0D9C7F1B0C2B8200C0AB3F /* card */ = {
			isa = PBXGroup;
			children = (
				DF958F551B33ACB3005B2155 /* control */,
				DF958F561B33ACBC005B2155 /* model */,
				DF958F571B33ACC0005B2155 /* view */,
			);
			name = card;
			sourceTree = "<group>";
		};
		DF70F24F1B26ABE100FAE24F /* Lib */ = {
			isa = PBXGroup;
			children = (
				DFCDF9451B3BD70F00F70955 /* DOPScrollableActionSheet */,
				DFAE52A71B32743500B03B2F /* QRView */,
				DFC39BBF1B294EB6006B50F4 /* LazyFadeinView */,
				DFAD61F41B26DF9E002437BD /* HJCAdjustNumButton */,
				DF70F25A1B26B91900FAE24F /* tableviewWare */,
				DF70F2531B26B91100FAE24F /* MODropAlert */,
			);
			name = Lib;
			sourceTree = "<group>";
		};
		DF70F2531B26B91100FAE24F /* MODropAlert */ = {
			isa = PBXGroup;
			children = (
				DF70F2541B26B91100FAE24F /* MODropAlertView.h */,
				DF70F2551B26B91100FAE24F /* MODropAlertView.m */,
				DF70F2561B26B91100FAE24F /* UIImage+ImageEffects.h */,
				DF70F2571B26B91100FAE24F /* UIImage+ImageEffects.m */,
			);
			path = MODropAlert;
			sourceTree = "<group>";
		};
		DF70F25A1B26B91900FAE24F /* tableviewWare */ = {
			isa = PBXGroup;
			children = (
				DF70F2501B26AC5100FAE24F /* UITableView+Wave.h */,
				DF70F2511B26AC5100FAE24F /* UITableView+Wave.m */,
			);
			name = tableviewWare;
			sourceTree = "<group>";
		};
		DF72C0AD1B0B339800CE6DC6 = {
			isa = PBXGroup;
			children = (
				DF72C0B81B0B339800CE6DC6 /* shrb */,
				DF72C0D21B0B339800CE6DC6 /* shrbTests */,
				DF72C0B71B0B339800CE6DC6 /* Products */,
				049351D6E54B1048FAE09EA8 /* Pods */,
				B636A6DA215A51FBEBFBA07C /* Frameworks */,
			);
			sourceTree = "<group>";
		};
		DF72C0B71B0B339800CE6DC6 /* Products */ = {
			isa = PBXGroup;
			children = (
				DF72C0B61B0B339800CE6DC6 /* shrb.app */,
				DF72C0CF1B0B339800CE6DC6 /* shrbTests.xctest */,
			);
			name = Products;
			sourceTree = "<group>";
		};
		DF72C0B81B0B339800CE6DC6 /* shrb */ = {
			isa = PBXGroup;
			children = (
				DFF330DF1B2EC56100007582 /* common */,
				DF70F24F1B26ABE100FAE24F /* Lib */,
				DF72C0BD1B0B339800CE6DC6 /* AppDelegate.h */,
				DF72C0BE1B0B339800CE6DC6 /* AppDelegate.m */,
				DF72C0C01B0B339800CE6DC6 /* ViewController.h */,
				DF72C0C11B0B339800CE6DC6 /* ViewController.m */,
				DF72C0C61B0B339800CE6DC6 /* Images.xcassets */,
				DF0D9C761B0C28CF00C0AB3F /* Storyboard */,
				DF72C0DF1B0B3FEC00CE6DC6 /* controllers */,
				DF72C0B91B0B339800CE6DC6 /* Supporting Files */,
			);
			path = shrb;
			sourceTree = "<group>";
		};
		DF72C0B91B0B339800CE6DC6 /* Supporting Files */ = {
			isa = PBXGroup;
			children = (
				DF9119AA1B3935D400833AAB /* shrb-Bridging-Header.h */,
				DF72C0BA1B0B339800CE6DC6 /* Info.plist */,
				DF72C0BB1B0B339800CE6DC6 /* main.m */,
				DF7D1E5A1B0D7AFE00CD05B3 /* Const.h */,
			);
			name = "Supporting Files";
			sourceTree = "<group>";
		};
		DF72C0D21B0B339800CE6DC6 /* shrbTests */ = {
			isa = PBXGroup;
			children = (
				DF72C0D51B0B339800CE6DC6 /* shrbTests.m */,
				DF72C0D31B0B339800CE6DC6 /* Supporting Files */,
			);
			path = shrbTests;
			sourceTree = "<group>";
		};
		DF72C0D31B0B339800CE6DC6 /* Supporting Files */ = {
			isa = PBXGroup;
			children = (
				DF72C0D41B0B339800CE6DC6 /* Info.plist */,
			);
			name = "Supporting Files";
			sourceTree = "<group>";
		};
		DF72C0DF1B0B3FEC00CE6DC6 /* controllers */ = {
			isa = PBXGroup;
			children = (
				DF70F24C1B267FF400FAE24F /* MainViewController.h */,
				DF70F24D1B267FF400FAE24F /* MainViewController.m */,
				DF0D9C7E1B0C2B6C00C0AB3F /* main */,
				DF0D9C7F1B0C2B8200C0AB3F /* card */,
				DFAE95621B254F70006A495B /* me */,
			);
			name = controllers;
			path = ../controllers;
			sourceTree = "<group>";
		};
		DF9119AB1B3947FA00833AAB /* objective-C */ = {
			isa = PBXGroup;
			children = (
				DFAE95631B254FB7006A495B /* UserCenterObjevtiveTableViewController.h */,
				DFAE95641B254FB7006A495B /* UserCenterObjevtiveTableViewController.m */,
				DF7176FD1B2FFF9300D3C3B9 /* BasicInfoTableViewController.h */,
				DF7176FE1B2FFF9300D3C3B9 /* BasicInfoTableViewController.m */,
				DF7177321B300F2A00D3C3B9 /* OrderListTableViewController.h */,
				DF7177331B300F2A00D3C3B9 /* OrderListTableViewController.m */,
				DF71773A1B30167900D3C3B9 /* SettingTableViewController.h */,
				DF71773B1B30167900D3C3B9 /* SettingTableViewController.m */,
				DF71773D1B30180700D3C3B9 /* HelpCenterTableViewController.h */,
				DF71773E1B30180700D3C3B9 /* HelpCenterTableViewController.m */,
			);
			name = "objective-C";
			sourceTree = "<group>";
		};
		DF9119B61B3955BC00833AAB /* swift */ = {
			isa = PBXGroup;
			children = (
				DFB1E8291B3A3ED800366200 /* UserCenterTableViewController.swift */,
				DF9119AC1B39486D00833AAB /* BasicInfoTableViewController.swift */,
				DF9119A31B392BA100833AAB /* OrderListViewController.swift */,
				DFB1E8361B3A58ED00366200 /* CollectTableViewController.swift */,
			);
			name = swift;
			sourceTree = "<group>";
		};
		DF9119B71B3955D400833AAB /* objective-C */ = {
			isa = PBXGroup;
			children = (
				DF7177371B30109500D3C3B9 /* OrderListTableViewCell.h */,
				DF7177381B30109500D3C3B9 /* OrderListTableViewCell.m */,
			);
			name = "objective-C";
			sourceTree = "<group>";
		};
		DF9119B81B3955E300833AAB /* swift */ = {
			isa = PBXGroup;
			children = (
				DFB1E8321B3A4C8700366200 /* MeImageAndLabelsTableViewCell.swift */,
				DFB1E8331B3A4C8700366200 /* MeImageAndLabelsTableViewCell.xib */,
				DF9119A51B392BC500833AAB /* OrderListTableViewCell.swift */,
				DF9119A61B392BC500833AAB /* OrderListTableViewCell.xib */,
				DF9119AE1B394A3B00833AAB /* MeImageTableViewCell.swift */,
				DF9119AF1B394A3B00833AAB /* MeImageTableViewCell.xib */,
				DF9119B21B394E2000833AAB /* RightDetailTableViewCell.swift */,
				DF9119B31B394E2000833AAB /* RightDetailTableViewCell.xib */,
			);
			name = swift;
			sourceTree = "<group>";
		};
		DF958F521B33AC85005B2155 /* control */ = {
			isa = PBXGroup;
			children = (
				DF0D9C801B0C2BAD00C0AB3F /* HotFocusViewController.h */,
				DF0D9C811B0C2BAD00C0AB3F /* HotFocusViewController.m */,
				DF72C0E01B0B403600CE6DC6 /* HotDetailViewController.h */,
				DF72C0E11B0B403600CE6DC6 /* HotDetailViewController.m */,
				DF77A5B91B0C155D00934A7C /* StoreViewController.h */,
				DF77A5BA1B0C155D00934A7C /* StoreViewController.m */,
				DFCDF9491B3BDE9000F70955 /* NewStoreViewController.h */,
				DFCDF94A1B3BDE9000F70955 /* NewStoreViewController.m */,
				DF7A8A571B3CE90600528864 /* ProductTableViewController.h */,
				DF7A8A581B3CE90600528864 /* ProductTableViewController.m */,
				DFB7631D1B3D36330086ABB7 /* ProductIsMemberTableViewController.h */,
				DFB7631E1B3D36330086ABB7 /* ProductIsMemberTableViewController.m */,
				DF77A5BC1B0C1C6500934A7C /* OrdersViewController.h */,
				DF77A5BD1B0C1C6500934A7C /* OrdersViewController.m */,
				DF4E4C621B0C61CA00FE499E /* PayViewController.h */,
				DF4E4C631B0C61CA00FE499E /* PayViewController.m */,
				DF0D9C731B0C252B00C0AB3F /* CompletePayViewController.h */,
				DF0D9C741B0C252B00C0AB3F /* CompletePayViewController.m */,
				DF7D1E541B0D755500CD05B3 /* TransactMemberViewController.h */,
				DF7D1E551B0D755500CD05B3 /* TransactMemberViewController.m */,
				DF4E4C681B0C87D500FE499E /* BecomeMemberViewController.h */,
				DF4E4C691B0C87D500FE499E /* BecomeMemberViewController.m */,
				DFAE52B11B32751900B03B2F /* QRViewController.h */,
				DFAE52B21B32751900B03B2F /* QRViewController.m */,
			);
			name = control;
			sourceTree = "<group>";
		};
		DF958F531B33AC93005B2155 /* model */ = {
			isa = PBXGroup;
			children = (
				DF958F5C1B33B13F005B2155 /* HotFocusModel.h */,
				DF958F5D1B33B13F005B2155 /* HotFocusModel.m */,
				DF958F5F1B33B83C005B2155 /* TradeModel.h */,
				DF958F601B33B83C005B2155 /* TradeModel.m */,
				DF7A8A5D1B3CE9DC00528864 /* ProductModel.h */,
				DF7A8A5E1B3CE9DC00528864 /* ProductModel.m */,
			);
			name = model;
			sourceTree = "<group>";
		};
		DF958F541B33AC9A005B2155 /* view */ = {
			isa = PBXGroup;
			children = (
				DF0D9C7B1B0C2A7400C0AB3F /* HotFocusTableViewCell.h */,
				DF0D9C7C1B0C2A7400C0AB3F /* HotFocusTableViewCell.m */,
				DF72C0E41B0B413100CE6DC6 /* HotDetailTableViewCell.h */,
				DF72C0E51B0B413100CE6DC6 /* HotDetailTableViewCell.m */,
				DF77A5B61B0C151F00934A7C /* StoreTableViewCell.h */,
				DF77A5B71B0C151F00934A7C /* StoreTableViewCell.m */,
				DF77A5BF1B0C1C9E00934A7C /* OrdersTableViewCell.h */,
				DF77A5C01B0C1C9E00934A7C /* OrdersTableViewCell.m */,
				DF4E4C5F1B0C59CD00FE499E /* ButtonTableViewCell.h */,
				DF4E4C601B0C59CD00FE499E /* ButtonTableViewCell.m */,
				DF7D1E571B0D792400CD05B3 /* ProductDescriptionView.h */,
				DF7D1E581B0D792400CD05B3 /* ProductDescriptionView.m */,
				DF7A8A5A1B3CE97700528864 /* ProductTableViewCell.h */,
				DF7A8A5B1B3CE97700528864 /* ProductTableViewCell.m */,
			);
			name = view;
			sourceTree = "<group>";
		};
		DF958F551B33ACB3005B2155 /* control */ = {
			isa = PBXGroup;
			children = (
				DF610B6B1B2E6AA7009E047A /* CardAndCouponsViewController.h */,
				DF610B6C1B2E6AA7009E047A /* CardAndCouponsViewController.m */,
				DF4E4C561B0C448400FE499E /* CardTableViewController.h */,
				DF4E4C571B0C448400FE499E /* CardTableViewController.m */,
				DF7D1E5E1B0DC08700CD05B3 /* CardDetailViewController.h */,
				DF7D1E5F1B0DC08700CD05B3 /* CardDetailViewController.m */,
				DFF330E31B2ECC1300007582 /* VoucherCenterViewController.h */,
				DFF330E41B2ECC1300007582 /* VoucherCenterViewController.m */,
				DF7D1E641B0DD50500CD05B3 /* CompleteVoucherViewController.h */,
				DF7D1E651B0DD50500CD05B3 /* CompleteVoucherViewController.m */,
				DF4E4C6B1B0C8A4400FE499E /* CouponsTableViewController.h */,
				DF4E4C6C1B0C8A4400FE499E /* CouponsTableViewController.m */,
				DFAE95561B253588006A495B /* CouponsDetailTableViewController.h */,
				DFAE95571B253588006A495B /* CouponsDetailTableViewController.m */,
				DFAE955C1B25407F006A495B /* GiveCouponsViewController.h */,
				DFAE955D1B25407F006A495B /* GiveCouponsViewController.m */,
			);
			name = control;
			sourceTree = "<group>";
		};
		DF958F561B33ACBC005B2155 /* model */ = {
			isa = PBXGroup;
			children = (
				DF958F621B33C11B005B2155 /* CardModel.h */,
				DF958F631B33C11B005B2155 /* CardModel.m */,
				DF958F651B33DA67005B2155 /* CouponsModel.h */,
				DF958F661B33DA67005B2155 /* CouponsModel.m */,
			);
			name = model;
			sourceTree = "<group>";
		};
		DF958F571B33ACC0005B2155 /* view */ = {
			isa = PBXGroup;
			children = (
				DF0D9C831B0C423000C0AB3F /* CardTableViewCell.h */,
				DF0D9C841B0C423000C0AB3F /* CardTableViewCell.m */,
				DF7D1E611B0DC9C600CD05B3 /* ExpenseTableViewCell.h */,
				DF7D1E621B0DC9C600CD05B3 /* ExpenseTableViewCell.m */,
				DFAE95591B253848006A495B /* CouponsTableViewCell.h */,
				DFAE955A1B253848006A495B /* CouponsTableViewCell.m */,
				DFAE955F1B25434F006A495B /* CouponsDetailTableViewCell.h */,
				DFAE95601B25434F006A495B /* CouponsDetailTableViewCell.m */,
			);
			name = view;
			sourceTree = "<group>";
		};
		DF958F581B33ACC8005B2155 /* control */ = {
			isa = PBXGroup;
			children = (
				DF9119AB1B3947FA00833AAB /* objective-C */,
				DF9119B61B3955BC00833AAB /* swift */,
			);
			name = control;
			sourceTree = "<group>";
		};
		DF958F591B33ACCE005B2155 /* model */ = {
			isa = PBXGroup;
			children = (
			);
			name = model;
			sourceTree = "<group>";
		};
		DF958F5A1B33ACD2005B2155 /* view */ = {
			isa = PBXGroup;
			children = (
				DF9119B71B3955D400833AAB /* objective-C */,
				DF9119B81B3955E300833AAB /* swift */,
			);
			name = view;
			sourceTree = "<group>";
		};
		DFAD61F41B26DF9E002437BD /* HJCAdjustNumButton */ = {
			isa = PBXGroup;
			children = (
				DFAD61F51B26DF9E002437BD /* HJCAdjustNumButton.bundle */,
				DFAD61F61B26DF9E002437BD /* HJCAjustNumButton.h */,
				DFAD61F71B26DF9E002437BD /* HJCAjustNumButton.m */,
			);
			path = HJCAdjustNumButton;
			sourceTree = "<group>";
		};
		DFAE52A71B32743500B03B2F /* QRView */ = {
			isa = PBXGroup;
			children = (
				DFAE52A81B32743500B03B2F /* QRItem.h */,
				DFAE52A91B32743500B03B2F /* QRItem.m */,
				DFAE52AA1B32743500B03B2F /* QRMenu.h */,
				DFAE52AB1B32743500B03B2F /* QRMenu.m */,
				DFAE52AC1B32743500B03B2F /* QRView.h */,
				DFAE52AD1B32743500B03B2F /* QRView.m */,
			);
			path = QRView;
			sourceTree = "<group>";
		};
		DFAE95621B254F70006A495B /* me */ = {
			isa = PBXGroup;
			children = (
				DF958F581B33ACC8005B2155 /* control */,
				DF958F591B33ACCE005B2155 /* model */,
				DF958F5A1B33ACD2005B2155 /* view */,
			);
			name = me;
			sourceTree = "<group>";
		};
		DFC39BBF1B294EB6006B50F4 /* LazyFadeinView */ = {
			isa = PBXGroup;
			children = (
				DFC39BC01B294ECE006B50F4 /* LazyFadeIn.h */,
				DFC39BC11B294ECE006B50F4 /* LazyFadeInView.h */,
				DFC39BC21B294ECE006B50F4 /* LazyFadeInView.m */,
				DFC39BC31B294ECE006B50F4 /* LazyFadeInLayer.h */,
				DFC39BC41B294ECE006B50F4 /* LazyFadeInLayer.m */,
			);
			name = LazyFadeinView;
			sourceTree = "<group>";
		};
		DFCDF9451B3BD70F00F70955 /* DOPScrollableActionSheet */ = {
			isa = PBXGroup;
			children = (
				DFCDF9461B3BD73600F70955 /* DOPScrollableActionSheet.h */,
				DFCDF9471B3BD73600F70955 /* DOPScrollableActionSheet.m */,
			);
			name = DOPScrollableActionSheet;
			sourceTree = "<group>";
		};
		DFF330DF1B2EC56100007582 /* common */ = {
			isa = PBXGroup;
			children = (
				DFF330E01B2EC57500007582 /* SVProgressShow.h */,
				DFF330E11B2EC57500007582 /* SVProgressShow.m */,
			);
			name = common;
			sourceTree = "<group>";
		};
/* End PBXGroup section */

/* Begin PBXNativeTarget section */
		DF72C0B51B0B339800CE6DC6 /* shrb */ = {
			isa = PBXNativeTarget;
			buildConfigurationList = DF72C0D91B0B339800CE6DC6 /* Build configuration list for PBXNativeTarget "shrb" */;
			buildPhases = (
				3D6D36F31A75358EA88C73F1 /* Check Pods Manifest.lock */,
				DF72C0B21B0B339800CE6DC6 /* Sources */,
				DF72C0B31B0B339800CE6DC6 /* Frameworks */,
				DF72C0B41B0B339800CE6DC6 /* Resources */,
				BCDAD0F56346836B57BFE09F /* Copy Pods Resources */,
			);
			buildRules = (
			);
			dependencies = (
			);
			name = shrb;
			productName = shrb;
			productReference = DF72C0B61B0B339800CE6DC6 /* shrb.app */;
			productType = "com.apple.product-type.application";
		};
		DF72C0CE1B0B339800CE6DC6 /* shrbTests */ = {
			isa = PBXNativeTarget;
			buildConfigurationList = DF72C0DC1B0B339800CE6DC6 /* Build configuration list for PBXNativeTarget "shrbTests" */;
			buildPhases = (
				DF72C0CB1B0B339800CE6DC6 /* Sources */,
				DF72C0CC1B0B339800CE6DC6 /* Frameworks */,
				DF72C0CD1B0B339800CE6DC6 /* Resources */,
			);
			buildRules = (
			);
			dependencies = (
				DF72C0D11B0B339800CE6DC6 /* PBXTargetDependency */,
			);
			name = shrbTests;
			productName = shrbTests;
			productReference = DF72C0CF1B0B339800CE6DC6 /* shrbTests.xctest */;
			productType = "com.apple.product-type.bundle.unit-test";
		};
/* End PBXNativeTarget section */

/* Begin PBXProject section */
		DF72C0AE1B0B339800CE6DC6 /* Project object */ = {
			isa = PBXProject;
			attributes = {
				LastUpgradeCheck = 0610;
				ORGANIZATIONNAME = PayBay;
				TargetAttributes = {
					DF72C0B51B0B339800CE6DC6 = {
						CreatedOnToolsVersion = 6.1;
					};
					DF72C0CE1B0B339800CE6DC6 = {
						CreatedOnToolsVersion = 6.1;
						TestTargetID = DF72C0B51B0B339800CE6DC6;
					};
				};
			};
			buildConfigurationList = DF72C0B11B0B339800CE6DC6 /* Build configuration list for PBXProject "shrb" */;
			compatibilityVersion = "Xcode 3.2";
			developmentRegion = English;
			hasScannedForEncodings = 0;
			knownRegions = (
				en,
				Base,
			);
			mainGroup = DF72C0AD1B0B339800CE6DC6;
			productRefGroup = DF72C0B71B0B339800CE6DC6 /* Products */;
			projectDirPath = "";
			projectRoot = "";
			targets = (
				DF72C0B51B0B339800CE6DC6 /* shrb */,
				DF72C0CE1B0B339800CE6DC6 /* shrbTests */,
			);
		};
/* End PBXProject section */

/* Begin PBXResourcesBuildPhase section */
		DF72C0B41B0B339800CE6DC6 /* Resources */ = {
			isa = PBXResourcesBuildPhase;
			buildActionMask = 2147483647;
			files = (
				DF0D9C781B0C291500C0AB3F /* Card.storyboard in Resources */,
				DF9119B11B394A3B00833AAB /* MeImageTableViewCell.xib in Resources */,
				DFAD61F81B26DF9E002437BD /* HJCAdjustNumButton.bundle in Resources */,
				DF72C0C51B0B339800CE6DC6 /* Main.storyboard in Resources */,
				DFB1E8351B3A4C8700366200 /* MeImageAndLabelsTableViewCell.xib in Resources */,
				DF4E4C6F1B0C8D6400FE499E /* Me.storyboard in Resources */,
				DF9119B51B394E2000833AAB /* RightDetailTableViewCell.xib in Resources */,
				DF72C0CA1B0B339800CE6DC6 /* LaunchScreen.xib in Resources */,
				DF9119A81B392BC500833AAB /* OrderListTableViewCell.xib in Resources */,
				DF72C0C71B0B339800CE6DC6 /* Images.xcassets in Resources */,
			);
			runOnlyForDeploymentPostprocessing = 0;
		};
		DF72C0CD1B0B339800CE6DC6 /* Resources */ = {
			isa = PBXResourcesBuildPhase;
			buildActionMask = 2147483647;
			files = (
			);
			runOnlyForDeploymentPostprocessing = 0;
		};
/* End PBXResourcesBuildPhase section */

/* Begin PBXShellScriptBuildPhase section */
		3D6D36F31A75358EA88C73F1 /* Check Pods Manifest.lock */ = {
			isa = PBXShellScriptBuildPhase;
			buildActionMask = 2147483647;
			files = (
			);
			inputPaths = (
			);
			name = "Check Pods Manifest.lock";
			outputPaths = (
			);
			runOnlyForDeploymentPostprocessing = 0;
			shellPath = /bin/sh;
			shellScript = "diff \"${PODS_ROOT}/../Podfile.lock\" \"${PODS_ROOT}/Manifest.lock\" > /dev/null\nif [[ $? != 0 ]] ; then\n    cat << EOM\nerror: The sandbox is not in sync with the Podfile.lock. Run 'pod install' or update your CocoaPods installation.\nEOM\n    exit 1\nfi\n";
			showEnvVarsInLog = 0;
		};
		BCDAD0F56346836B57BFE09F /* Copy Pods Resources */ = {
			isa = PBXShellScriptBuildPhase;
			buildActionMask = 2147483647;
			files = (
			);
			inputPaths = (
			);
			name = "Copy Pods Resources";
			outputPaths = (
			);
			runOnlyForDeploymentPostprocessing = 0;
			shellPath = /bin/sh;
			shellScript = "\"${SRCROOT}/Pods/Target Support Files/Pods/Pods-resources.sh\"\n";
			showEnvVarsInLog = 0;
		};
/* End PBXShellScriptBuildPhase section */

/* Begin PBXSourcesBuildPhase section */
		DF72C0B21B0B339800CE6DC6 /* Sources */ = {
			isa = PBXSourcesBuildPhase;
			buildActionMask = 2147483647;
			files = (
				DF610B6D1B2E6AA7009E047A /* CardAndCouponsViewController.m in Sources */,
				DF9119A41B392BA100833AAB /* OrderListViewController.swift in Sources */,
				DF7A8A591B3CE90600528864 /* ProductTableViewController.m in Sources */,
				DF70F2591B26B91100FAE24F /* UIImage+ImageEffects.m in Sources */,
				DF0D9C821B0C2BAD00C0AB3F /* HotFocusViewController.m in Sources */,
				DFAE95651B254FB7006A495B /* UserCenterObjevtiveTableViewController.m in Sources */,
				DFAE95611B25434F006A495B /* CouponsDetailTableViewCell.m in Sources */,
				DFCDF94B1B3BDE9000F70955 /* NewStoreViewController.m in Sources */,
				DF4E4C641B0C61CA00FE499E /* PayViewController.m in Sources */,
				DF958F5E1B33B13F005B2155 /* HotFocusModel.m in Sources */,
				DF77A5BE1B0C1C6500934A7C /* OrdersViewController.m in Sources */,
				DFF330E21B2EC57500007582 /* SVProgressShow.m in Sources */,
				DFB7631F1B3D36330086ABB7 /* ProductIsMemberTableViewController.m in Sources */,
				DF72C0E61B0B413100CE6DC6 /* HotDetailTableViewCell.m in Sources */,
				DF958F611B33B83C005B2155 /* TradeModel.m in Sources */,
				DF9119AD1B39486D00833AAB /* BasicInfoTableViewController.swift in Sources */,
				DF7176FF1B2FFF9300D3C3B9 /* BasicInfoTableViewController.m in Sources */,
				DFCDF9481B3BD73600F70955 /* DOPScrollableActionSheet.m in Sources */,
				DF77A5BB1B0C155D00934A7C /* StoreViewController.m in Sources */,
				DF72C0C21B0B339800CE6DC6 /* ViewController.m in Sources */,
				DF7177391B30109500D3C3B9 /* OrderListTableViewCell.m in Sources */,
				DFAE52AE1B32743500B03B2F /* QRItem.m in Sources */,
				DF7A8A5C1B3CE97700528864 /* ProductTableViewCell.m in Sources */,
				DF7A8A5F1B3CE9DC00528864 /* ProductModel.m in Sources */,
				DFAE95581B253588006A495B /* CouponsDetailTableViewController.m in Sources */,
				DFF330E51B2ECC1300007582 /* VoucherCenterViewController.m in Sources */,
				DF4E4C611B0C59CD00FE499E /* ButtonTableViewCell.m in Sources */,
				DF958F641B33C11B005B2155 /* CardModel.m in Sources */,
				DF71773C1B30167900D3C3B9 /* SettingTableViewController.m in Sources */,
				DF77A5C11B0C1C9E00934A7C /* OrdersTableViewCell.m in Sources */,
				DFAE955E1B25407F006A495B /* GiveCouponsViewController.m in Sources */,
				DF71773F1B30180700D3C3B9 /* HelpCenterTableViewController.m in Sources */,
				DF72C0E21B0B403600CE6DC6 /* HotDetailViewController.m in Sources */,
				DFAE52AF1B32743500B03B2F /* QRMenu.m in Sources */,
				DF9119B01B394A3B00833AAB /* MeImageTableViewCell.swift in Sources */,
				DF958F671B33DA67005B2155 /* CouponsModel.m in Sources */,
				DFB1E8341B3A4C8700366200 /* MeImageAndLabelsTableViewCell.swift in Sources */,
				DF0D9C751B0C252B00C0AB3F /* CompletePayViewController.m in Sources */,
				DF70F24E1B267FF400FAE24F /* MainViewController.m in Sources */,
				DF77A5B81B0C151F00934A7C /* StoreTableViewCell.m in Sources */,
				DFC39BC61B294ECE006B50F4 /* LazyFadeInLayer.m in Sources */,
				DF9119A71B392BC500833AAB /* OrderListTableViewCell.swift in Sources */,
				DF4E4C581B0C448400FE499E /* CardTableViewController.m in Sources */,
				DFB1E82A1B3A3ED800366200 /* UserCenterTableViewController.swift in Sources */,
				DFAE955B1B253848006A495B /* CouponsTableViewCell.m in Sources */,
				DFAE52B01B32743500B03B2F /* QRView.m in Sources */,
				DF4E4C6D1B0C8A4400FE499E /* CouponsTableViewController.m in Sources */,
				DF7D1E591B0D792400CD05B3 /* ProductDescriptionView.m in Sources */,
				DF7D1E601B0DC08700CD05B3 /* CardDetailViewController.m in Sources */,
				DF0D9C851B0C423000C0AB3F /* CardTableViewCell.m in Sources */,
				DF7D1E561B0D755500CD05B3 /* TransactMemberViewController.m in Sources */,
				DF7D1E661B0DD50500CD05B3 /* CompleteVoucherViewController.m in Sources */,
				DFC39BC51B294ECE006B50F4 /* LazyFadeInView.m in Sources */,
				DF4E4C6A1B0C87D500FE499E /* BecomeMemberViewController.m in Sources */,
				DF7177341B300F2A00D3C3B9 /* OrderListTableViewController.m in Sources */,
				DF7D1E631B0DC9C600CD05B3 /* ExpenseTableViewCell.m in Sources */,
				DF0D9C7D1B0C2A7400C0AB3F /* HotFocusTableViewCell.m in Sources */,
				DF70F2581B26B91100FAE24F /* MODropAlertView.m in Sources */,
				DF72C0BF1B0B339800CE6DC6 /* AppDelegate.m in Sources */,
				DF70F2521B26AC5100FAE24F /* UITableView+Wave.m in Sources */,
				DFB1E8371B3A58ED00366200 /* CollectTableViewController.swift in Sources */,
				DF72C0BC1B0B339800CE6DC6 /* main.m in Sources */,
				DF9119B41B394E2000833AAB /* RightDetailTableViewCell.swift in Sources */,
				DFAE52B31B32751900B03B2F /* QRViewController.m in Sources */,
				DFAD61F91B26DF9E002437BD /* HJCAjustNumButton.m in Sources */,
			);
			runOnlyForDeploymentPostprocessing = 0;
		};
		DF72C0CB1B0B339800CE6DC6 /* Sources */ = {
			isa = PBXSourcesBuildPhase;
			buildActionMask = 2147483647;
			files = (
				DF72C0D61B0B339800CE6DC6 /* shrbTests.m in Sources */,
			);
			runOnlyForDeploymentPostprocessing = 0;
		};
/* End PBXSourcesBuildPhase section */

/* Begin PBXTargetDependency section */
		DF72C0D11B0B339800CE6DC6 /* PBXTargetDependency */ = {
			isa = PBXTargetDependency;
			target = DF72C0B51B0B339800CE6DC6 /* shrb */;
			targetProxy = DF72C0D01B0B339800CE6DC6 /* PBXContainerItemProxy */;
		};
/* End PBXTargetDependency section */

/* Begin PBXVariantGroup section */
		DF72C0C31B0B339800CE6DC6 /* Main.storyboard */ = {
			isa = PBXVariantGroup;
			children = (
				DF72C0C41B0B339800CE6DC6 /* Base */,
			);
			name = Main.storyboard;
			sourceTree = "<group>";
		};
		DF72C0C81B0B339800CE6DC6 /* LaunchScreen.xib */ = {
			isa = PBXVariantGroup;
			children = (
				DF72C0C91B0B339800CE6DC6 /* Base */,
			);
			name = LaunchScreen.xib;
			sourceTree = "<group>";
		};
/* End PBXVariantGroup section */

/* Begin XCBuildConfiguration section */
		DF72C0D71B0B339800CE6DC6 /* Debug */ = {
			isa = XCBuildConfiguration;
			buildSettings = {
				ALWAYS_SEARCH_USER_PATHS = NO;
				CLANG_CXX_LANGUAGE_STANDARD = "gnu++0x";
				CLANG_CXX_LIBRARY = "libc++";
				CLANG_ENABLE_MODULES = YES;
				CLANG_ENABLE_OBJC_ARC = YES;
				CLANG_WARN_BOOL_CONVERSION = YES;
				CLANG_WARN_CONSTANT_CONVERSION = YES;
				CLANG_WARN_DIRECT_OBJC_ISA_USAGE = YES_ERROR;
				CLANG_WARN_EMPTY_BODY = YES;
				CLANG_WARN_ENUM_CONVERSION = YES;
				CLANG_WARN_INT_CONVERSION = YES;
				CLANG_WARN_OBJC_ROOT_CLASS = YES_ERROR;
				CLANG_WARN_UNREACHABLE_CODE = YES;
				CLANG_WARN__DUPLICATE_METHOD_MATCH = YES;
				"CODE_SIGN_IDENTITY[sdk=iphoneos*]" = "iPhone Developer";
				COPY_PHASE_STRIP = NO;
				ENABLE_STRICT_OBJC_MSGSEND = YES;
				GCC_C_LANGUAGE_STANDARD = gnu99;
				GCC_DYNAMIC_NO_PIC = NO;
				GCC_OPTIMIZATION_LEVEL = 0;
				GCC_PREPROCESSOR_DEFINITIONS = (
					"DEBUG=1",
					"$(inherited)",
				);
				GCC_SYMBOLS_PRIVATE_EXTERN = NO;
				GCC_WARN_64_TO_32_BIT_CONVERSION = YES;
				GCC_WARN_ABOUT_RETURN_TYPE = YES_ERROR;
				GCC_WARN_UNDECLARED_SELECTOR = YES;
				GCC_WARN_UNINITIALIZED_AUTOS = YES_AGGRESSIVE;
				GCC_WARN_UNUSED_FUNCTION = YES;
				GCC_WARN_UNUSED_VARIABLE = YES;
				IPHONEOS_DEPLOYMENT_TARGET = 6.0;
				MTL_ENABLE_DEBUG_INFO = YES;
				ONLY_ACTIVE_ARCH = YES;
				PROVISIONING_PROFILE = "a4824251-f698-4656-b9a7-fdbcfead227d";
				SDKROOT = iphoneos;
			};
			name = Debug;
		};
		DF72C0D81B0B339800CE6DC6 /* Release */ = {
			isa = XCBuildConfiguration;
			buildSettings = {
				ALWAYS_SEARCH_USER_PATHS = NO;
				CLANG_CXX_LANGUAGE_STANDARD = "gnu++0x";
				CLANG_CXX_LIBRARY = "libc++";
				CLANG_ENABLE_MODULES = YES;
				CLANG_ENABLE_OBJC_ARC = YES;
				CLANG_WARN_BOOL_CONVERSION = YES;
				CLANG_WARN_CONSTANT_CONVERSION = YES;
				CLANG_WARN_DIRECT_OBJC_ISA_USAGE = YES_ERROR;
				CLANG_WARN_EMPTY_BODY = YES;
				CLANG_WARN_ENUM_CONVERSION = YES;
				CLANG_WARN_INT_CONVERSION = YES;
				CLANG_WARN_OBJC_ROOT_CLASS = YES_ERROR;
				CLANG_WARN_UNREACHABLE_CODE = YES;
				CLANG_WARN__DUPLICATE_METHOD_MATCH = YES;
				"CODE_SIGN_IDENTITY[sdk=iphoneos*]" = "iPhone Developer: zhao xuan (DCWDDFVB8H)";
				COPY_PHASE_STRIP = YES;
				ENABLE_NS_ASSERTIONS = NO;
				ENABLE_STRICT_OBJC_MSGSEND = YES;
				GCC_C_LANGUAGE_STANDARD = gnu99;
				GCC_WARN_64_TO_32_BIT_CONVERSION = YES;
				GCC_WARN_ABOUT_RETURN_TYPE = YES_ERROR;
				GCC_WARN_UNDECLARED_SELECTOR = YES;
				GCC_WARN_UNINITIALIZED_AUTOS = YES_AGGRESSIVE;
				GCC_WARN_UNUSED_FUNCTION = YES;
				GCC_WARN_UNUSED_VARIABLE = YES;
				IPHONEOS_DEPLOYMENT_TARGET = 6.0;
				MTL_ENABLE_DEBUG_INFO = NO;
				PROVISIONING_PROFILE = "a4824251-f698-4656-b9a7-fdbcfead227d";
				SDKROOT = iphoneos;
				VALIDATE_PRODUCT = YES;
			};
			name = Release;
		};
		DF72C0DA1B0B339800CE6DC6 /* Debug */ = {
			isa = XCBuildConfiguration;
			baseConfigurationReference = 3F1E2F6D22EAA5B3C3141B98 /* Pods.debug.xcconfig */;
			buildSettings = {
				ASSETCATALOG_COMPILER_APPICON_NAME = AppIcon;
				ASSETCATALOG_COMPILER_LAUNCHIMAGE_NAME = LaunchImage;
				CLANG_ENABLE_MODULES = YES;
				CODE_SIGN_IDENTITY = "iPhone Developer: zhao xuan (DCWDDFVB8H)";
				"CODE_SIGN_IDENTITY[sdk=iphoneos*]" = "iPhone Developer: zhao xuan (DCWDDFVB8H)";
				INFOPLIST_FILE = shrb/Info.plist;
				IPHONEOS_DEPLOYMENT_TARGET = 8.0;
				LD_RUNPATH_SEARCH_PATHS = "$(inherited) @executable_path/Frameworks";
				PRODUCT_NAME = "$(TARGET_NAME)";
				SWIFT_OBJC_BRIDGING_HEADER = "/Users/PayBay/Desktop/paybay/shrb/shrb/shrb/shrb-Bridging-Header.h";
				SWIFT_OPTIMIZATION_LEVEL = "-Onone";
				TARGETED_DEVICE_FAMILY = 1;
			};
			name = Debug;
		};
		DF72C0DB1B0B339800CE6DC6 /* Release */ = {
			isa = XCBuildConfiguration;
			baseConfigurationReference = 160D202A243322510827A627 /* Pods.release.xcconfig */;
			buildSettings = {
				ASSETCATALOG_COMPILER_APPICON_NAME = AppIcon;
				ASSETCATALOG_COMPILER_LAUNCHIMAGE_NAME = LaunchImage;
				CLANG_ENABLE_MODULES = YES;
				CODE_SIGN_IDENTITY = "iPhone Developer: zhao xuan (DCWDDFVB8H)";
				"CODE_SIGN_IDENTITY[sdk=iphoneos*]" = "iPhone Developer: zhao xuan (DCWDDFVB8H)";
				INFOPLIST_FILE = shrb/Info.plist;
				IPHONEOS_DEPLOYMENT_TARGET = 8.0;
				LD_RUNPATH_SEARCH_PATHS = "$(inherited) @executable_path/Frameworks";
				PRODUCT_NAME = "$(TARGET_NAME)";
				SWIFT_OBJC_BRIDGING_HEADER = "/Users/PayBay/Desktop/paybay/shrb/shrb/shrb/shrb-Bridging-Header.h";
				TARGETED_DEVICE_FAMILY = 1;
			};
			name = Release;
		};
		DF72C0DD1B0B339800CE6DC6 /* Debug */ = {
			isa = XCBuildConfiguration;
			buildSettings = {
				BUNDLE_LOADER = "$(TEST_HOST)";
				FRAMEWORK_SEARCH_PATHS = (
					"$(SDKROOT)/Developer/Library/Frameworks",
					"$(inherited)",
				);
				GCC_PREPROCESSOR_DEFINITIONS = (
					"DEBUG=1",
					"$(inherited)",
				);
				INFOPLIST_FILE = shrbTests/Info.plist;
				LD_RUNPATH_SEARCH_PATHS = "$(inherited) @executable_path/Frameworks @loader_path/Frameworks";
				PRODUCT_NAME = "$(TARGET_NAME)";
				TEST_HOST = "$(BUILT_PRODUCTS_DIR)/shrb.app/shrb";
			};
			name = Debug;
		};
		DF72C0DE1B0B339800CE6DC6 /* Release */ = {
			isa = XCBuildConfiguration;
			buildSettings = {
				BUNDLE_LOADER = "$(TEST_HOST)";
				FRAMEWORK_SEARCH_PATHS = (
					"$(SDKROOT)/Developer/Library/Frameworks",
					"$(inherited)",
				);
				INFOPLIST_FILE = shrbTests/Info.plist;
				LD_RUNPATH_SEARCH_PATHS = "$(inherited) @executable_path/Frameworks @loader_path/Frameworks";
				PRODUCT_NAME = "$(TARGET_NAME)";
				TEST_HOST = "$(BUILT_PRODUCTS_DIR)/shrb.app/shrb";
			};
			name = Release;
		};
/* End XCBuildConfiguration section */

/* Begin XCConfigurationList section */
		DF72C0B11B0B339800CE6DC6 /* Build configuration list for PBXProject "shrb" */ = {
			isa = XCConfigurationList;
			buildConfigurations = (
				DF72C0D71B0B339800CE6DC6 /* Debug */,
				DF72C0D81B0B339800CE6DC6 /* Release */,
			);
			defaultConfigurationIsVisible = 0;
			defaultConfigurationName = Release;
		};
		DF72C0D91B0B339800CE6DC6 /* Build configuration list for PBXNativeTarget "shrb" */ = {
			isa = XCConfigurationList;
			buildConfigurations = (
				DF72C0DA1B0B339800CE6DC6 /* Debug */,
				DF72C0DB1B0B339800CE6DC6 /* Release */,
			);
			defaultConfigurationIsVisible = 0;
			defaultConfigurationName = Release;
		};
		DF72C0DC1B0B339800CE6DC6 /* Build configuration list for PBXNativeTarget "shrbTests" */ = {
			isa = XCConfigurationList;
			buildConfigurations = (
				DF72C0DD1B0B339800CE6DC6 /* Debug */,
				DF72C0DE1B0B339800CE6DC6 /* Release */,
			);
			defaultConfigurationIsVisible = 0;
			defaultConfigurationName = Release;
		};
/* End XCConfigurationList section */
	};
	rootObject = DF72C0AE1B0B339800CE6DC6 /* Project object */;
}
